
Microsoft Visual Studio Solution File, Format Version 12.00
# Visual Studio Version 16
VisualStudioVersion = 16.0.31424.327
MinimumVisualStudioVersion = 10.0.40219.1
Project("{FAE04EC0-301F-11D3-BF4B-00C04F79EFBC}") = "NSB.SqlServer.Installer", "src\NSB.SqlServer.Installer\NSB.SqlServer.Installer.csproj", "{FCB018E0-08C1-414B-AD1E-E2B6720B6711}"
EndProject
Project("{FAE04EC0-301F-11D3-BF4B-00C04F79EFBC}") = "NSB.SqlServer.Messages", "src\NSB.SqlServer.Messages\NSB.SqlServer.Messages.csproj", "{79A4A8C8-B34C-424B-A664-32720E7D8B55}"
EndProject
Project("{FAE04EC0-301F-11D3-BF4B-00C04F79EFBC}") = "NSB.SqlServer.Producer", "src\NSB.SqlServer.Producer\NSB.SqlServer.Producer.csproj", "{29059484-B08E-45E6-A186-95F1CBEF964C}"
EndProject
Project("{FAE04EC0-301F-11D3-BF4B-00C04F79EFBC}") = "NSB.SqlServer.Consumer", "src\NSB.SqlServer.Consumer\NSB.SqlServer.Consumer.csproj", "{AFB80299-6D0A-4A06-A4C4-4B5D156692DF}"
EndProject
Project("{2150E333-8FDC-42A3-9474-1A3956D46DE8}") = "Root", "Root", "{1B603DA2-81AD-4E12-A7E5-98A1E5CC9B4B}"
	ProjectSection(SolutionItems) = preProject
		.gitignore = .gitignore
		LICENSE = LICENSE
		README.md = README.md
	EndProjectSection
EndProject
Global
	GlobalSection(SolutionConfigurationPlatforms) = preSolution
		Debug|Any CPU = Debug|Any CPU
		Release|Any CPU = Release|Any CPU
	EndGlobalSection
	GlobalSection(ProjectConfigurationPlatforms) = postSolution
		{FCB018E0-08C1-414B-AD1E-E2B6720B6711}.Debug|Any CPU.ActiveCfg = Debug|Any CPU
		{FCB018E0-08C1-414B-AD1E-E2B6720B6711}.Debug|Any CPU.Build.0 = Debug|Any CPU
		{FCB018E0-08C1-414B-AD1E-E2B6720B6711}.Release|Any CPU.ActiveCfg = Release|Any CPU
		{FCB018E0-08C1-414B-AD1E-E2B6720B6711}.Release|Any CPU.Build.0 = Release|Any CPU
		{79A4A8C8-B34C-424B-A664-32720E7D8B55}.Debug|Any CPU.ActiveCfg = Debug|Any CPU
		{79A4A8C8-B34C-424B-A664-32720E7D8B55}.Debug|Any CPU.Build.0 = Debug|Any CPU
		{79A4A8C8-B34C-424B-A664-32720E7D8B55}.Release|Any CPU.ActiveCfg = Release|Any CPU
		{79A4A8C8-B34C-424B-A664-32720E7D8B55}.Release|Any CPU.Build.0 = Release|Any CPU
		{29059484-B08E-45E6-A186-95F1CBEF964C}.Debug|Any CPU.ActiveCfg = Debug|Any CPU
		{29059484-B08E-45E6-A186-95F1CBEF964C}.Debug|Any CPU.Build.0 = Debug|Any CPU
		{29059484-B08E-45E6-A186-95F1CBEF964C}.Release|Any CPU.ActiveCfg = Release|Any CPU
		{29059484-B08E-45E6-A186-95F1CBEF964C}.Release|Any CPU.Build.0 = Release|Any CPU
		{AFB80299-6D0A-4A06-A4C4-4B5D156692DF}.Debug|Any CPU.ActiveCfg = Debug|Any CPU
		{AFB80299-6D0A-4A06-A4C4-4B5D156692DF}.Debug|Any CPU.Build.0 = Debug|Any CPU
		{AFB80299-6D0A-4A06-A4C4-4B5D156692DF}.Release|Any CPU.ActiveCfg = Release|Any CPU
		{AFB80299-6D0A-4A06-A4C4-4B5D156692DF}.Release|Any CPU.Build.0 = Release|Any CPU
	EndGlobalSection
	GlobalSection(SolutionProperties) = preSolution
		HideSolutionNode = FALSE
	EndGlobalSection
	GlobalSection(ExtensibilityGlobals) = postSolution
		SolutionGuid = {E7803007-C42C-4CE6-B656-80E8E59308E6}
	EndGlobalSection
EndGlobal
